
Microsoft Visual Studio Solution File, Format Version 12.00
# Visual Studio Version 17
VisualStudioVersion = 17.1.32210.238
MinimumVisualStudioVersion = 10.0.40219.1
Project("{FAE04EC0-301F-11D3-BF4B-00C04F79EFBC}") = "Array_Sum", "Array_Sum\Array_Sum.csproj", "{3632D339-AD11-4108-BD30-C70BA1618592}"
EndProject
Global
	GlobalSection(SolutionConfigurationPlatforms) = preSolution
		Debug|Any CPU = Debug|Any CPU
		Release|Any CPU = Release|Any CPU
	EndGlobalSection
	GlobalSection(ProjectConfigurationPlatforms) = postSolution
		{3632D339-AD11-4108-BD30-C70BA1618592}.Debug|Any CPU.ActiveCfg = Debug|Any CPU
		{3632D339-AD11-4108-BD30-C70BA1618592}.Debug|Any CPU.Build.0 = Debug|Any CPU
		{3632D339-AD11-4108-BD30-C70BA1618592}.Release|Any CPU.ActiveCfg = Release|Any CPU
		{3632D339-AD11-4108-BD30-C70BA1618592}.Release|Any CPU.Build.0 = Release|Any CPU
	EndGlobalSection
	GlobalSection(SolutionProperties) = preSolution
		HideSolutionNode = FALSE
	EndGlobalSection
	GlobalSection(ExtensibilityGlobals) = postSolution
		SolutionGuid = {56A5ABBF-15CD-4D34-97E4-4D83E7369F62}
	EndGlobalSection
EndGlobal
